// !$*UTF8*$!
{
	archiveVersion = 1;
	classes = {
	};
	objectVersion = 48;
	objects = {

/* Begin PBXBuildFile section */
		7A183AB420438A6200A09AF8 /* red5.mp3 in Resources */ = {isa = PBXBuildFile; fileRef = 7A183AA620438A5F00A09AF8 /* red5.mp3 */; };
		7A183AB520438A6200A09AF8 /* red6.mp3 in Resources */ = {isa = PBXBuildFile; fileRef = 7A183AA720438A5F00A09AF8 /* red6.mp3 */; };
		7A183AB620438A6200A09AF8 /* red7.mp3 in Resources */ = {isa = PBXBuildFile; fileRef = 7A183AA820438A5F00A09AF8 /* red7.mp3 */; };
		7A183AB720438A6200A09AF8 /* red8.mp3 in Resources */ = {isa = PBXBuildFile; fileRef = 7A183AA920438A6000A09AF8 /* red8.mp3 */; };
		7A183AB820438A6200A09AF8 /* red12.mp3 in Resources */ = {isa = PBXBuildFile; fileRef = 7A183AAA20438A6000A09AF8 /* red12.mp3 */; };
		7A183AB920438A6200A09AF8 /* red14.mp3 in Resources */ = {isa = PBXBuildFile; fileRef = 7A183AAB20438A6000A09AF8 /* red14.mp3 */; };
		7A183ABA20438A6200A09AF8 /* red9.mp3 in Resources */ = {isa = PBXBuildFile; fileRef = 7A183AAC20438A6000A09AF8 /* red9.mp3 */; };
		7A183ABB20438A6200A09AF8 /* red10.mp3 in Resources */ = {isa = PBXBuildFile; fileRef = 7A183AAD20438A6100A09AF8 /* red10.mp3 */; };
		7A183ABC20438A6200A09AF8 /* red11.mp3 in Resources */ = {isa = PBXBuildFile; fileRef = 7A183AAE20438A6100A09AF8 /* red11.mp3 */; };
		7A183ABD20438A6200A09AF8 /* red4.mp3 in Resources */ = {isa = PBXBuildFile; fileRef = 7A183AAF20438A6100A09AF8 /* red4.mp3 */; };
		7A183ABE20438A6200A09AF8 /* red2.mp3 in Resources */ = {isa = PBXBuildFile; fileRef = 7A183AB020438A6100A09AF8 /* red2.mp3 */; };
		7A183ABF20438A6200A09AF8 /* red3.mp3 in Resources */ = {isa = PBXBuildFile; fileRef = 7A183AB120438A6200A09AF8 /* red3.mp3 */; };
		7A183AC020438A6200A09AF8 /* red1.mp3 in Resources */ = {isa = PBXBuildFile; fileRef = 7A183AB220438A6200A09AF8 /* red1.mp3 */; };
		7A183AC120438A6200A09AF8 /* red13.mp3 in Resources */ = {isa = PBXBuildFile; fileRef = 7A183AB320438A6200A09AF8 /* red13.mp3 */; };
		7A2D5F02201864E20007DCDF /* AppDelegate.swift in Sources */ = {isa = PBXBuildFile; fileRef = 7A2D5F01201864E20007DCDF /* AppDelegate.swift */; };
		7A2D5F07201864E20007DCDF /* Main.storyboard in Resources */ = {isa = PBXBuildFile; fileRef = 7A2D5F05201864E20007DCDF /* Main.storyboard */; };
		7A2D5F09201864E20007DCDF /* Assets.xcassets in Resources */ = {isa = PBXBuildFile; fileRef = 7A2D5F08201864E20007DCDF /* Assets.xcassets */; };
		7A2D5F0C201864E20007DCDF /* LaunchScreen.storyboard in Resources */ = {isa = PBXBuildFile; fileRef = 7A2D5F0A201864E20007DCDF /* LaunchScreen.storyboard */; };
		7A2D5F14201864F90007DCDF /* MainDogViewController.swift in Sources */ = {isa = PBXBuildFile; fileRef = 7A2D5F13201864F90007DCDF /* MainDogViewController.swift */; };
		7A31BCE42032ADF600EBB144 /* AboutUsViewController.swift in Sources */ = {isa = PBXBuildFile; fileRef = 7A31BCE32032ADF600EBB144 /* AboutUsViewController.swift */; };
		7A31BCEA2034F38A00EBB144 /* DetailCell.xib in Resources */ = {isa = PBXBuildFile; fileRef = 7A31BCE92034F38A00EBB144 /* DetailCell.xib */; };
		7A8CB0FD204386EB00A52099 /* red43.mp3 in Resources */ = {isa = PBXBuildFile; fileRef = 7A8CB0F0204386E900A52099 /* red43.mp3 */; };
		7A8CB0FE204386EB00A52099 /* red44.mp3 in Resources */ = {isa = PBXBuildFile; fileRef = 7A8CB0F1204386E900A52099 /* red44.mp3 */; };
		7A8CB0FF204386EB00A52099 /* red52.mp3 in Resources */ = {isa = PBXBuildFile; fileRef = 7A8CB0F2204386EA00A52099 /* red52.mp3 */; };
		7A8CB100204386EB00A52099 /* red54.mp3 in Resources */ = {isa = PBXBuildFile; fileRef = 7A8CB0F3204386EA00A52099 /* red54.mp3 */; };
		7A8CB101204386EB00A52099 /* red50.mp3 in Resources */ = {isa = PBXBuildFile; fileRef = 7A8CB0F4204386EA00A52099 /* red50.mp3 */; };
		7A8CB102204386EB00A52099 /* red53.mp3 in Resources */ = {isa = PBXBuildFile; fileRef = 7A8CB0F5204386EA00A52099 /* red53.mp3 */; };
		7A8CB103204386EB00A52099 /* red49.mp3 in Resources */ = {isa = PBXBuildFile; fileRef = 7A8CB0F6204386EA00A52099 /* red49.mp3 */; };
		7A8CB104204386EB00A52099 /* red48.mp3 in Resources */ = {isa = PBXBuildFile; fileRef = 7A8CB0F7204386EA00A52099 /* red48.mp3 */; };
		7A8CB105204386EB00A52099 /* red51.mp3 in Resources */ = {isa = PBXBuildFile; fileRef = 7A8CB0F8204386EA00A52099 /* red51.mp3 */; };
		7A8CB106204386EB00A52099 /* red45.mp3 in Resources */ = {isa = PBXBuildFile; fileRef = 7A8CB0F9204386EB00A52099 /* red45.mp3 */; };
		7A8CB107204386EB00A52099 /* red46.mp3 in Resources */ = {isa = PBXBuildFile; fileRef = 7A8CB0FA204386EB00A52099 /* red46.mp3 */; };
		7A8CB108204386EB00A52099 /* red47.mp3 in Resources */ = {isa = PBXBuildFile; fileRef = 7A8CB0FB204386EB00A52099 /* red47.mp3 */; };
		7A8CB109204386EB00A52099 /* red55.mp3 in Resources */ = {isa = PBXBuildFile; fileRef = 7A8CB0FC204386EB00A52099 /* red55.mp3 */; };
		7A8CB1182043873000A52099 /* red40.mp3 in Resources */ = {isa = PBXBuildFile; fileRef = 7A8CB10A2043872E00A52099 /* red40.mp3 */; };
		7A8CB1192043873000A52099 /* red33.mp3 in Resources */ = {isa = PBXBuildFile; fileRef = 7A8CB10B2043872E00A52099 /* red33.mp3 */; };
		7A8CB11A2043873000A52099 /* red34.mp3 in Resources */ = {isa = PBXBuildFile; fileRef = 7A8CB10C2043872F00A52099 /* red34.mp3 */; };
		7A8CB11B2043873000A52099 /* red29.mp3 in Resources */ = {isa = PBXBuildFile; fileRef = 7A8CB10D2043872F00A52099 /* red29.mp3 */; };
		7A8CB11C2043873000A52099 /* red38.mp3 in Resources */ = {isa = PBXBuildFile; fileRef = 7A8CB10E2043872F00A52099 /* red38.mp3 */; };
		7A8CB11D2043873000A52099 /* red32.mp3 in Resources */ = {isa = PBXBuildFile; fileRef = 7A8CB10F2043872F00A52099 /* red32.mp3 */; };
		7A8CB11E2043873000A52099 /* red36.mp3 in Resources */ = {isa = PBXBuildFile; fileRef = 7A8CB1102043872F00A52099 /* red36.mp3 */; };
		7A8CB11F2043873000A52099 /* red31.mp3 in Resources */ = {isa = PBXBuildFile; fileRef = 7A8CB1112043872F00A52099 /* red31.mp3 */; };
		7A8CB1202043873000A52099 /* red35.mp3 in Resources */ = {isa = PBXBuildFile; fileRef = 7A8CB1122043873000A52099 /* red35.mp3 */; };
		7A8CB1212043873000A52099 /* red39.mp3 in Resources */ = {isa = PBXBuildFile; fileRef = 7A8CB1132043873000A52099 /* red39.mp3 */; };
		7A8CB1222043873000A52099 /* red42.mp3 in Resources */ = {isa = PBXBuildFile; fileRef = 7A8CB1142043873000A52099 /* red42.mp3 */; };
		7A8CB1232043873000A52099 /* red41.mp3 in Resources */ = {isa = PBXBuildFile; fileRef = 7A8CB1152043873000A52099 /* red41.mp3 */; };
		7A8CB1242043873000A52099 /* red30.mp3 in Resources */ = {isa = PBXBuildFile; fileRef = 7A8CB1162043873000A52099 /* red30.mp3 */; };
		7A8CB1252043873000A52099 /* red37.mp3 in Resources */ = {isa = PBXBuildFile; fileRef = 7A8CB1172043873000A52099 /* red37.mp3 */; };
		7A8CB1342043873D00A52099 /* red16.mp3 in Resources */ = {isa = PBXBuildFile; fileRef = 7A8CB1262043873B00A52099 /* red16.mp3 */; };
		7A8CB1352043873D00A52099 /* red27.mp3 in Resources */ = {isa = PBXBuildFile; fileRef = 7A8CB1272043873B00A52099 /* red27.mp3 */; };
		7A8CB1362043873D00A52099 /* red28.mp3 in Resources */ = {isa = PBXBuildFile; fileRef = 7A8CB1282043873B00A52099 /* red28.mp3 */; };
		7A8CB1372043873D00A52099 /* red25.mp3 in Resources */ = {isa = PBXBuildFile; fileRef = 7A8CB1292043873B00A52099 /* red25.mp3 */; };
		7A8CB1382043873D00A52099 /* red20.mp3 in Resources */ = {isa = PBXBuildFile; fileRef = 7A8CB12A2043873B00A52099 /* red20.mp3 */; };
		7A8CB1392043873D00A52099 /* red26.mp3 in Resources */ = {isa = PBXBuildFile; fileRef = 7A8CB12B2043873B00A52099 /* red26.mp3 */; };
		7A8CB13A2043873D00A52099 /* red18.mp3 in Resources */ = {isa = PBXBuildFile; fileRef = 7A8CB12C2043873B00A52099 /* red18.mp3 */; };
		7A8CB13B2043873D00A52099 /* red23.mp3 in Resources */ = {isa = PBXBuildFile; fileRef = 7A8CB12D2043873C00A52099 /* red23.mp3 */; };
		7A8CB13C2043873D00A52099 /* red22.mp3 in Resources */ = {isa = PBXBuildFile; fileRef = 7A8CB12E2043873C00A52099 /* red22.mp3 */; };
		7A8CB13D2043873D00A52099 /* red19.mp3 in Resources */ = {isa = PBXBuildFile; fileRef = 7A8CB12F2043873C00A52099 /* red19.mp3 */; };
		7A8CB13E2043873D00A52099 /* red21.mp3 in Resources */ = {isa = PBXBuildFile; fileRef = 7A8CB1302043873C00A52099 /* red21.mp3 */; };
		7A8CB13F2043873D00A52099 /* red15.mp3 in Resources */ = {isa = PBXBuildFile; fileRef = 7A8CB1312043873C00A52099 /* red15.mp3 */; };
		7A8CB1402043873D00A52099 /* red17.mp3 in Resources */ = {isa = PBXBuildFile; fileRef = 7A8CB1322043873C00A52099 /* red17.mp3 */; };
		7A8CB1412043873D00A52099 /* red24.mp3 in Resources */ = {isa = PBXBuildFile; fileRef = 7A8CB1332043873C00A52099 /* red24.mp3 */; };
		7AA619F820351F22009348B0 /* CardClass.swift in Sources */ = {isa = PBXBuildFile; fileRef = 7AA619F720351F22009348B0 /* CardClass.swift */; };
		7AA61A1720356F3A009348B0 /* AVFoundation.framework in Frameworks */ = {isa = PBXBuildFile; fileRef = 7AA61A1620356F3A009348B0 /* AVFoundation.framework */; };
		7AF9F81A2019B5EE00C0F8CD /* CustomCell.xib in Resources */ = {isa = PBXBuildFile; fileRef = 7AF9F8192019B5EE00C0F8CD /* CustomCell.xib */; };
		DE8D3F073D6741AC12F864C0 /* Pods_DogCare.framework in Frameworks */ = {isa = PBXBuildFile; fileRef = 05666E6C62F6C0D9824AE8F9 /* Pods_DogCare.framework */; };
/* End PBXBuildFile section */

/* Begin PBXFileReference section */
		05666E6C62F6C0D9824AE8F9 /* Pods_DogCare.framework */ = {isa = PBXFileReference; explicitFileType = wrapper.framework; includeInIndex = 0; path = Pods_DogCare.framework; sourceTree = BUILT_PRODUCTS_DIR; };
		4849DC622E9FEE7651BB770A /* Pods-DogCare.release.xcconfig */ = {isa = PBXFileReference; includeInIndex = 1; lastKnownFileType = text.xcconfig; name = "Pods-DogCare.release.xcconfig"; path = "Pods/Target Support Files/Pods-DogCare/Pods-DogCare.release.xcconfig"; sourceTree = "<group>"; };
		6884EBDEE5AA9CC60BC18D55 /* Pods-DogCare.debug.xcconfig */ = {isa = PBXFileReference; includeInIndex = 1; lastKnownFileType = text.xcconfig; name = "Pods-DogCare.debug.xcconfig"; path = "Pods/Target Support Files/Pods-DogCare/Pods-DogCare.debug.xcconfig"; sourceTree = "<group>"; };
		7A183AA620438A5F00A09AF8 /* red5.mp3 */ = {isa = PBXFileReference; lastKnownFileType = audio.mp3; path = red5.mp3; sourceTree = "<group>"; };
		7A183AA720438A5F00A09AF8 /* red6.mp3 */ = {isa = PBXFileReference; lastKnownFileType = audio.mp3; path = red6.mp3; sourceTree = "<group>"; };
		7A183AA820438A5F00A09AF8 /* red7.mp3 */ = {isa = PBXFileReference; lastKnownFileType = audio.mp3; path = red7.mp3; sourceTree = "<group>"; };
		7A183AA920438A6000A09AF8 /* red8.mp3 */ = {isa = PBXFileReference; lastKnownFileType = audio.mp3; path = red8.mp3; sourceTree = "<group>"; };
		7A183AAA20438A6000A09AF8 /* red12.mp3 */ = {isa = PBXFileReference; lastKnownFileType = audio.mp3; path = red12.mp3; sourceTree = "<group>"; };
		7A183AAB20438A6000A09AF8 /* red14.mp3 */ = {isa = PBXFileReference; lastKnownFileType = audio.mp3; path = red14.mp3; sourceTree = "<group>"; };
		7A183AAC20438A6000A09AF8 /* red9.mp3 */ = {isa = PBXFileReference; lastKnownFileType = audio.mp3; path = red9.mp3; sourceTree = "<group>"; };
		7A183AAD20438A6100A09AF8 /* red10.mp3 */ = {isa = PBXFileReference; lastKnownFileType = audio.mp3; path = red10.mp3; sourceTree = "<group>"; };
		7A183AAE20438A6100A09AF8 /* red11.mp3 */ = {isa = PBXFileReference; lastKnownFileType = audio.mp3; path = red11.mp3; sourceTree = "<group>"; };
		7A183AAF20438A6100A09AF8 /* red4.mp3 */ = {isa = PBXFileReference; lastKnownFileType = audio.mp3; path = red4.mp3; sourceTree = "<group>"; };
		7A183AB020438A6100A09AF8 /* red2.mp3 */ = {isa = PBXFileReference; lastKnownFileType = audio.mp3; path = red2.mp3; sourceTree = "<group>"; };
		7A183AB120438A6200A09AF8 /* red3.mp3 */ = {isa = PBXFileReference; lastKnownFileType = audio.mp3; path = red3.mp3; sourceTree = "<group>"; };
		7A183AB220438A6200A09AF8 /* red1.mp3 */ = {isa = PBXFileReference; lastKnownFileType = audio.mp3; path = red1.mp3; sourceTree = "<group>"; };
		7A183AB320438A6200A09AF8 /* red13.mp3 */ = {isa = PBXFileReference; lastKnownFileType = audio.mp3; path = red13.mp3; sourceTree = "<group>"; };
		7A2D5EFE201864E20007DCDF /* DogCare.app */ = {isa = PBXFileReference; explicitFileType = wrapper.application; includeInIndex = 0; path = DogCare.app; sourceTree = BUILT_PRODUCTS_DIR; };
		7A2D5F01201864E20007DCDF /* AppDelegate.swift */ = {isa = PBXFileReference; lastKnownFileType = sourcecode.swift; path = AppDelegate.swift; sourceTree = "<group>"; };
		7A2D5F06201864E20007DCDF /* Base */ = {isa = PBXFileReference; lastKnownFileType = file.storyboard; name = Base; path = Base.lproj/Main.storyboard; sourceTree = "<group>"; };
		7A2D5F08201864E20007DCDF /* Assets.xcassets */ = {isa = PBXFileReference; lastKnownFileType = folder.assetcatalog; path = Assets.xcassets; sourceTree = "<group>"; };
		7A2D5F0B201864E20007DCDF /* Base */ = {isa = PBXFileReference; lastKnownFileType = file.storyboard; name = Base; path = Base.lproj/LaunchScreen.storyboard; sourceTree = "<group>"; };
		7A2D5F0D201864E20007DCDF /* Info.plist */ = {isa = PBXFileReference; lastKnownFileType = text.plist.xml; path = Info.plist; sourceTree = "<group>"; };
		7A2D5F13201864F90007DCDF /* MainDogViewController.swift */ = {isa = PBXFileReference; lastKnownFileType = sourcecode.swift; path = MainDogViewController.swift; sourceTree = "<group>"; };
		7A31BCE32032ADF600EBB144 /* AboutUsViewController.swift */ = {isa = PBXFileReference; lastKnownFileType = sourcecode.swift; path = AboutUsViewController.swift; sourceTree = "<group>"; };
		7A31BCE92034F38A00EBB144 /* DetailCell.xib */ = {isa = PBXFileReference; lastKnownFileType = file.xib; path = DetailCell.xib; sourceTree = "<group>"; };
		7A8CB0F0204386E900A52099 /* red43.mp3 */ = {isa = PBXFileReference; lastKnownFileType = audio.mp3; path = red43.mp3; sourceTree = "<group>"; };
		7A8CB0F1204386E900A52099 /* red44.mp3 */ = {isa = PBXFileReference; lastKnownFileType = audio.mp3; path = red44.mp3; sourceTree = "<group>"; };
		7A8CB0F2204386EA00A52099 /* red52.mp3 */ = {isa = PBXFileReference; lastKnownFileType = audio.mp3; path = red52.mp3; sourceTree = "<group>"; };
		7A8CB0F3204386EA00A52099 /* red54.mp3 */ = {isa = PBXFileReference; lastKnownFileType = audio.mp3; path = red54.mp3; sourceTree = "<group>"; };
		7A8CB0F4204386EA00A52099 /* red50.mp3 */ = {isa = PBXFileReference; lastKnownFileType = audio.mp3; path = red50.mp3; sourceTree = "<group>"; };
		7A8CB0F5204386EA00A52099 /* red53.mp3 */ = {isa = PBXFileReference; lastKnownFileType = audio.mp3; path = red53.mp3; sourceTree = "<group>"; };
		7A8CB0F6204386EA00A52099 /* red49.mp3 */ = {isa = PBXFileReference; lastKnownFileType = audio.mp3; path = red49.mp3; sourceTree = "<group>"; };
		7A8CB0F7204386EA00A52099 /* red48.mp3 */ = {isa = PBXFileReference; lastKnownFileType = audio.mp3; path = red48.mp3; sourceTree = "<group>"; };
		7A8CB0F8204386EA00A52099 /* red51.mp3 */ = {isa = PBXFileReference; lastKnownFileType = audio.mp3; path = red51.mp3; sourceTree = "<group>"; };
		7A8CB0F9204386EB00A52099 /* red45.mp3 */ = {isa = PBXFileReference; lastKnownFileType = audio.mp3; path = red45.mp3; sourceTree = "<group>"; };
		7A8CB0FA204386EB00A52099 /* red46.mp3 */ = {isa = PBXFileReference; lastKnownFileType = audio.mp3; path = red46.mp3; sourceTree = "<group>"; };
		7A8CB0FB204386EB00A52099 /* red47.mp3 */ = {isa = PBXFileReference; lastKnownFileType = audio.mp3; path = red47.mp3; sourceTree = "<group>"; };
		7A8CB0FC204386EB00A52099 /* red55.mp3 */ = {isa = PBXFileReference; lastKnownFileType = audio.mp3; path = red55.mp3; sourceTree = "<group>"; };
		7A8CB10A2043872E00A52099 /* red40.mp3 */ = {isa = PBXFileReference; lastKnownFileType = audio.mp3; path = red40.mp3; sourceTree = "<group>"; };
		7A8CB10B2043872E00A52099 /* red33.mp3 */ = {isa = PBXFileReference; lastKnownFileType = audio.mp3; path = red33.mp3; sourceTree = "<group>"; };
		7A8CB10C2043872F00A52099 /* red34.mp3 */ = {isa = PBXFileReference; lastKnownFileType = audio.mp3; path = red34.mp3; sourceTree = "<group>"; };
		7A8CB10D2043872F00A52099 /* red29.mp3 */ = {isa = PBXFileReference; lastKnownFileType = audio.mp3; path = red29.mp3; sourceTree = "<group>"; };
		7A8CB10E2043872F00A52099 /* red38.mp3 */ = {isa = PBXFileReference; lastKnownFileType = audio.mp3; path = red38.mp3; sourceTree = "<group>"; };
		7A8CB10F2043872F00A52099 /* red32.mp3 */ = {isa = PBXFileReference; lastKnownFileType = audio.mp3; path = red32.mp3; sourceTree = "<group>"; };
		7A8CB1102043872F00A52099 /* red36.mp3 */ = {isa = PBXFileReference; lastKnownFileType = audio.mp3; path = red36.mp3; sourceTree = "<group>"; };
		7A8CB1112043872F00A52099 /* red31.mp3 */ = {isa = PBXFileReference; lastKnownFileType = audio.mp3; path = red31.mp3; sourceTree = "<group>"; };
		7A8CB1122043873000A52099 /* red35.mp3 */ = {isa = PBXFileReference; lastKnownFileType = audio.mp3; path = red35.mp3; sourceTree = "<group>"; };
		7A8CB1132043873000A52099 /* red39.mp3 */ = {isa = PBXFileReference; lastKnownFileType = audio.mp3; path = red39.mp3; sourceTree = "<group>"; };
		7A8CB1142043873000A52099 /* red42.mp3 */ = {isa = PBXFileReference; lastKnownFileType = audio.mp3; path = red42.mp3; sourceTree = "<group>"; };
		7A8CB1152043873000A52099 /* red41.mp3 */ = {isa = PBXFileReference; lastKnownFileType = audio.mp3; path = red41.mp3; sourceTree = "<group>"; };
		7A8CB1162043873000A52099 /* red30.mp3 */ = {isa = PBXFileReference; lastKnownFileType = audio.mp3; path = red30.mp3; sourceTree = "<group>"; };
		7A8CB1172043873000A52099 /* red37.mp3 */ = {isa = PBXFileReference; lastKnownFileType = audio.mp3; path = red37.mp3; sourceTree = "<group>"; };
		7A8CB1262043873B00A52099 /* red16.mp3 */ = {isa = PBXFileReference; lastKnownFileType = audio.mp3; path = red16.mp3; sourceTree = "<group>"; };
		7A8CB1272043873B00A52099 /* red27.mp3 */ = {isa = PBXFileReference; lastKnownFileType = audio.mp3; path = red27.mp3; sourceTree = "<group>"; };
		7A8CB1282043873B00A52099 /* red28.mp3 */ = {isa = PBXFileReference; lastKnownFileType = audio.mp3; path = red28.mp3; sourceTree = "<group>"; };
		7A8CB1292043873B00A52099 /* red25.mp3 */ = {isa = PBXFileReference; lastKnownFileType = audio.mp3; path = red25.mp3; sourceTree = "<group>"; };
		7A8CB12A2043873B00A52099 /* red20.mp3 */ = {isa = PBXFileReference; lastKnownFileType = audio.mp3; path = red20.mp3; sourceTree = "<group>"; };
		7A8CB12B2043873B00A52099 /* red26.mp3 */ = {isa = PBXFileReference; lastKnownFileType = audio.mp3; path = red26.mp3; sourceTree = "<group>"; };
		7A8CB12C2043873B00A52099 /* red18.mp3 */ = {isa = PBXFileReference; lastKnownFileType = audio.mp3; path = red18.mp3; sourceTree = "<group>"; };
		7A8CB12D2043873C00A52099 /* red23.mp3 */ = {isa = PBXFileReference; lastKnownFileType = audio.mp3; path = red23.mp3; sourceTree = "<group>"; };
		7A8CB12E2043873C00A52099 /* red22.mp3 */ = {isa = PBXFileReference; lastKnownFileType = audio.mp3; path = red22.mp3; sourceTree = "<group>"; };
		7A8CB12F2043873C00A52099 /* red19.mp3 */ = {isa = PBXFileReference; lastKnownFileType = audio.mp3; path = red19.mp3; sourceTree = "<group>"; };
		7A8CB1302043873C00A52099 /* red21.mp3 */ = {isa = PBXFileReference; lastKnownFileType = audio.mp3; path = red21.mp3; sourceTree = "<group>"; };
		7A8CB1312043873C00A52099 /* red15.mp3 */ = {isa = PBXFileReference; lastKnownFileType = audio.mp3; path = red15.mp3; sourceTree = "<group>"; };
		7A8CB1322043873C00A52099 /* red17.mp3 */ = {isa = PBXFileReference; lastKnownFileType = audio.mp3; path = red17.mp3; sourceTree = "<group>"; };
		7A8CB1332043873C00A52099 /* red24.mp3 */ = {isa = PBXFileReference; lastKnownFileType = audio.mp3; path = red24.mp3; sourceTree = "<group>"; };
		7AA619F720351F22009348B0 /* CardClass.swift */ = {isa = PBXFileReference; lastKnownFileType = sourcecode.swift; path = CardClass.swift; sourceTree = "<group>"; };
		7AA61A1620356F3A009348B0 /* AVFoundation.framework */ = {isa = PBXFileReference; lastKnownFileType = wrapper.framework; name = AVFoundation.framework; path = System/Library/Frameworks/AVFoundation.framework; sourceTree = SDKROOT; };
		7AF9F8192019B5EE00C0F8CD /* CustomCell.xib */ = {isa = PBXFileReference; lastKnownFileType = file.xib; path = CustomCell.xib; sourceTree = "<group>"; };
/* End PBXFileReference section */

/* Begin PBXFrameworksBuildPhase section */
		7A2D5EFB201864E20007DCDF /* Frameworks */ = {
			isa = PBXFrameworksBuildPhase;
			buildActionMask = 2147483647;
			files = (
				7AA61A1720356F3A009348B0 /* AVFoundation.framework in Frameworks */,
				DE8D3F073D6741AC12F864C0 /* Pods_DogCare.framework in Frameworks */,
			);
			runOnlyForDeploymentPostprocessing = 0;
		};
/* End PBXFrameworksBuildPhase section */

/* Begin PBXGroup section */
		40C50C77D272DCB45B335377 /* Frameworks */ = {
			isa = PBXGroup;
			children = (
				7AA61A1620356F3A009348B0 /* AVFoundation.framework */,
				05666E6C62F6C0D9824AE8F9 /* Pods_DogCare.framework */,
			);
			name = Frameworks;
			sourceTree = "<group>";
		};
		7A2D5EF5201864E20007DCDF = {
			isa = PBXGroup;
			children = (
				7A2D5F00201864E20007DCDF /* DogCare */,
				7A2D5EFF201864E20007DCDF /* Products */,
				40C50C77D272DCB45B335377 /* Frameworks */,
				F3B626FDDF908564A41506EE /* Pods */,
			);
			sourceTree = "<group>";
		};
		7A2D5EFF201864E20007DCDF /* Products */ = {
			isa = PBXGroup;
			children = (
				7A2D5EFE201864E20007DCDF /* DogCare.app */,
			);
			name = Products;
			sourceTree = "<group>";
		};
		7A2D5F00201864E20007DCDF /* DogCare */ = {
			isa = PBXGroup;
			children = (
				7AA61A1520356EFD009348B0 /* audio */,
				7A2D5F08201864E20007DCDF /* Assets.xcassets */,
				7AA619F720351F22009348B0 /* CardClass.swift */,
				7A2D5F13201864F90007DCDF /* MainDogViewController.swift */,
				7A31BCE32032ADF600EBB144 /* AboutUsViewController.swift */,
				7A2D5F05201864E20007DCDF /* Main.storyboard */,
				7A2D5F01201864E20007DCDF /* AppDelegate.swift */,
				7A2D5F0D201864E20007DCDF /* Info.plist */,
				7AF9F8192019B5EE00C0F8CD /* CustomCell.xib */,
				7A31BCE92034F38A00EBB144 /* DetailCell.xib */,
				7A2D5F0A201864E20007DCDF /* LaunchScreen.storyboard */,
			);
			path = DogCare;
			sourceTree = "<group>";
		};
		7AA61A1520356EFD009348B0 /* audio */ = {
			isa = PBXGroup;
			children = (
				7A183AB220438A6200A09AF8 /* red1.mp3 */,
				7A183AB020438A6100A09AF8 /* red2.mp3 */,
				7A183AB120438A6200A09AF8 /* red3.mp3 */,
				7A183AAF20438A6100A09AF8 /* red4.mp3 */,
				7A183AA620438A5F00A09AF8 /* red5.mp3 */,
				7A183AA720438A5F00A09AF8 /* red6.mp3 */,
				7A183AA820438A5F00A09AF8 /* red7.mp3 */,
				7A183AA920438A6000A09AF8 /* red8.mp3 */,
				7A183AAC20438A6000A09AF8 /* red9.mp3 */,
				7A183AAD20438A6100A09AF8 /* red10.mp3 */,
				7A183AAE20438A6100A09AF8 /* red11.mp3 */,
				7A183AAA20438A6000A09AF8 /* red12.mp3 */,
				7A183AB320438A6200A09AF8 /* red13.mp3 */,
				7A183AAB20438A6000A09AF8 /* red14.mp3 */,
				7A8CB1312043873C00A52099 /* red15.mp3 */,
				7A8CB1262043873B00A52099 /* red16.mp3 */,
				7A8CB1322043873C00A52099 /* red17.mp3 */,
				7A8CB12C2043873B00A52099 /* red18.mp3 */,
				7A8CB12F2043873C00A52099 /* red19.mp3 */,
				7A8CB12A2043873B00A52099 /* red20.mp3 */,
				7A8CB1302043873C00A52099 /* red21.mp3 */,
				7A8CB12E2043873C00A52099 /* red22.mp3 */,
				7A8CB12D2043873C00A52099 /* red23.mp3 */,
				7A8CB1332043873C00A52099 /* red24.mp3 */,
				7A8CB1292043873B00A52099 /* red25.mp3 */,
				7A8CB12B2043873B00A52099 /* red26.mp3 */,
				7A8CB1272043873B00A52099 /* red27.mp3 */,
				7A8CB1282043873B00A52099 /* red28.mp3 */,
				7A8CB10D2043872F00A52099 /* red29.mp3 */,
				7A8CB1162043873000A52099 /* red30.mp3 */,
				7A8CB1112043872F00A52099 /* red31.mp3 */,
				7A8CB10F2043872F00A52099 /* red32.mp3 */,
				7A8CB10B2043872E00A52099 /* red33.mp3 */,
				7A8CB10C2043872F00A52099 /* red34.mp3 */,
				7A8CB1122043873000A52099 /* red35.mp3 */,
				7A8CB1102043872F00A52099 /* red36.mp3 */,
				7A8CB1172043873000A52099 /* red37.mp3 */,
				7A8CB10E2043872F00A52099 /* red38.mp3 */,
				7A8CB1132043873000A52099 /* red39.mp3 */,
				7A8CB10A2043872E00A52099 /* red40.mp3 */,
				7A8CB1152043873000A52099 /* red41.mp3 */,
				7A8CB1142043873000A52099 /* red42.mp3 */,
				7A8CB0F0204386E900A52099 /* red43.mp3 */,
				7A8CB0F1204386E900A52099 /* red44.mp3 */,
				7A8CB0F9204386EB00A52099 /* red45.mp3 */,
				7A8CB0FA204386EB00A52099 /* red46.mp3 */,
				7A8CB0FB204386EB00A52099 /* red47.mp3 */,
				7A8CB0F7204386EA00A52099 /* red48.mp3 */,
				7A8CB0F6204386EA00A52099 /* red49.mp3 */,
				7A8CB0F4204386EA00A52099 /* red50.mp3 */,
				7A8CB0F8204386EA00A52099 /* red51.mp3 */,
				7A8CB0F2204386EA00A52099 /* red52.mp3 */,
				7A8CB0F5204386EA00A52099 /* red53.mp3 */,
				7A8CB0F3204386EA00A52099 /* red54.mp3 */,
				7A8CB0FC204386EB00A52099 /* red55.mp3 */,
			);
			path = audio;
			sourceTree = "<group>";
		};
		F3B626FDDF908564A41506EE /* Pods */ = {
			isa = PBXGroup;
			children = (
				6884EBDEE5AA9CC60BC18D55 /* Pods-DogCare.debug.xcconfig */,
				4849DC622E9FEE7651BB770A /* Pods-DogCare.release.xcconfig */,
			);
			name = Pods;
			sourceTree = "<group>";
		};
/* End PBXGroup section */

/* Begin PBXNativeTarget section */
		7A2D5EFD201864E20007DCDF /* DogCare */ = {
			isa = PBXNativeTarget;
			buildConfigurationList = 7A2D5F10201864E20007DCDF /* Build configuration list for PBXNativeTarget "DogCare" */;
			buildPhases = (
				8AD458E31203A2307B5C7810 /* [CP] Check Pods Manifest.lock */,
				7A2D5EFA201864E20007DCDF /* Sources */,
				7A2D5EFB201864E20007DCDF /* Frameworks */,
				7A2D5EFC201864E20007DCDF /* Resources */,
				519B53654BC32B13F9517349 /* [CP] Embed Pods Frameworks */,
				957C7EBB6CCEF24381A0B8A4 /* [CP] Copy Pods Resources */,
			);
			buildRules = (
			);
			dependencies = (
			);
			name = DogCare;
			productName = DogCare;
			productReference = 7A2D5EFE201864E20007DCDF /* DogCare.app */;
			productType = "com.apple.product-type.application";
		};
/* End PBXNativeTarget section */

/* Begin PBXProject section */
		7A2D5EF6201864E20007DCDF /* Project object */ = {
			isa = PBXProject;
			attributes = {
				LastSwiftUpdateCheck = 0920;
				LastUpgradeCheck = 0920;
				ORGANIZATIONNAME = "Justin Torres";
				TargetAttributes = {
					7A2D5EFD201864E20007DCDF = {
						CreatedOnToolsVersion = 9.2;
						ProvisioningStyle = Automatic;
					};
				};
			};
			buildConfigurationList = 7A2D5EF9201864E20007DCDF /* Build configuration list for PBXProject "DogCare" */;
			compatibilityVersion = "Xcode 8.0";
			developmentRegion = en;
			hasScannedForEncodings = 0;
			knownRegions = (
				en,
				Base,
			);
			mainGroup = 7A2D5EF5201864E20007DCDF;
			productRefGroup = 7A2D5EFF201864E20007DCDF /* Products */;
			projectDirPath = "";
			projectRoot = "";
			targets = (
				7A2D5EFD201864E20007DCDF /* DogCare */,
			);
		};
/* End PBXProject section */

/* Begin PBXResourcesBuildPhase section */
		7A2D5EFC201864E20007DCDF /* Resources */ = {
			isa = PBXResourcesBuildPhase;
			buildActionMask = 2147483647;
			files = (
				7A183AB920438A6200A09AF8 /* red14.mp3 in Resources */,
				7A8CB11E2043873000A52099 /* red36.mp3 in Resources */,
				7A8CB1372043873D00A52099 /* red25.mp3 in Resources */,
				7A183AB420438A6200A09AF8 /* red5.mp3 in Resources */,
				7A8CB1202043873000A52099 /* red35.mp3 in Resources */,
				7A8CB104204386EB00A52099 /* red48.mp3 in Resources */,
				7A8CB13C2043873D00A52099 /* red22.mp3 in Resources */,
				7A8CB11A2043873000A52099 /* red34.mp3 in Resources */,
				7A8CB1242043873000A52099 /* red30.mp3 in Resources */,
				7A8CB0FD204386EB00A52099 /* red43.mp3 in Resources */,
				7A2D5F0C201864E20007DCDF /* LaunchScreen.storyboard in Resources */,
				7A8CB100204386EB00A52099 /* red54.mp3 in Resources */,
				7A8CB101204386EB00A52099 /* red50.mp3 in Resources */,
				7A8CB107204386EB00A52099 /* red46.mp3 in Resources */,
				7A8CB1382043873D00A52099 /* red20.mp3 in Resources */,
				7A183AB820438A6200A09AF8 /* red12.mp3 in Resources */,
				7A8CB11F2043873000A52099 /* red31.mp3 in Resources */,
				7A8CB11D2043873000A52099 /* red32.mp3 in Resources */,
				7A8CB1252043873000A52099 /* red37.mp3 in Resources */,
				7A183ABA20438A6200A09AF8 /* red9.mp3 in Resources */,
				7A8CB1342043873D00A52099 /* red16.mp3 in Resources */,
				7A183ABD20438A6200A09AF8 /* red4.mp3 in Resources */,
				7A183AC120438A6200A09AF8 /* red13.mp3 in Resources */,
				7A8CB109204386EB00A52099 /* red55.mp3 in Resources */,
				7A8CB1182043873000A52099 /* red40.mp3 in Resources */,
				7A183AC020438A6200A09AF8 /* red1.mp3 in Resources */,
				7A8CB1362043873D00A52099 /* red28.mp3 in Resources */,
				7A8CB105204386EB00A52099 /* red51.mp3 in Resources */,
				7A8CB1212043873000A52099 /* red39.mp3 in Resources */,
				7A2D5F09201864E20007DCDF /* Assets.xcassets in Resources */,
				7A8CB13A2043873D00A52099 /* red18.mp3 in Resources */,
				7A183AB720438A6200A09AF8 /* red8.mp3 in Resources */,
				7A8CB1412043873D00A52099 /* red24.mp3 in Resources */,
				7A8CB106204386EB00A52099 /* red45.mp3 in Resources */,
				7A8CB103204386EB00A52099 /* red49.mp3 in Resources */,
				7A183ABE20438A6200A09AF8 /* red2.mp3 in Resources */,
				7AF9F81A2019B5EE00C0F8CD /* CustomCell.xib in Resources */,
				7A8CB0FF204386EB00A52099 /* red52.mp3 in Resources */,
				7A8CB1402043873D00A52099 /* red17.mp3 in Resources */,
				7A183AB620438A6200A09AF8 /* red7.mp3 in Resources */,
				7A8CB1392043873D00A52099 /* red26.mp3 in Resources */,
				7A8CB11B2043873000A52099 /* red29.mp3 in Resources */,
				7A183AB520438A6200A09AF8 /* red6.mp3 in Resources */,
				7A2D5F07201864E20007DCDF /* Main.storyboard in Resources */,
				7A183ABB20438A6200A09AF8 /* red10.mp3 in Resources */,
				7A183ABC20438A6200A09AF8 /* red11.mp3 in Resources */,
				7A8CB11C2043873000A52099 /* red38.mp3 in Resources */,
				7A8CB13B2043873D00A52099 /* red23.mp3 in Resources */,
				7A8CB0FE204386EB00A52099 /* red44.mp3 in Resources */,
				7A8CB1192043873000A52099 /* red33.mp3 in Resources */,
				7A8CB13E2043873D00A52099 /* red21.mp3 in Resources */,
				7A8CB13F2043873D00A52099 /* red15.mp3 in Resources */,
				7A8CB1232043873000A52099 /* red41.mp3 in Resources */,
				7A8CB1352043873D00A52099 /* red27.mp3 in Resources */,
				7A8CB1222043873000A52099 /* red42.mp3 in Resources */,
				7A8CB102204386EB00A52099 /* red53.mp3 in Resources */,
				7A8CB108204386EB00A52099 /* red47.mp3 in Resources */,
				7A183ABF20438A6200A09AF8 /* red3.mp3 in Resources */,
				7A8CB13D2043873D00A52099 /* red19.mp3 in Resources */,
				7A31BCEA2034F38A00EBB144 /* DetailCell.xib in Resources */,
			);
			runOnlyForDeploymentPostprocessing = 0;
		};
/* End PBXResourcesBuildPhase section */

/* Begin PBXShellScriptBuildPhase section */
		519B53654BC32B13F9517349 /* [CP] Embed Pods Frameworks */ = {
			isa = PBXShellScriptBuildPhase;
			buildActionMask = 2147483647;
			files = (
			);
			inputPaths = (
				"${SRCROOT}/Pods/Target Support Files/Pods-DogCare/Pods-DogCare-frameworks.sh",
				"${BUILT_PRODUCTS_DIR}/UICollectionViewGallery/UICollectionViewGallery.framework",
			);
			name = "[CP] Embed Pods Frameworks";
			outputPaths = (
				"${TARGET_BUILD_DIR}/${FRAMEWORKS_FOLDER_PATH}/UICollectionViewGallery.framework",
			);
			runOnlyForDeploymentPostprocessing = 0;
			shellPath = /bin/sh;
			shellScript = "\"${SRCROOT}/Pods/Target Support Files/Pods-DogCare/Pods-DogCare-frameworks.sh\"\n";
			showEnvVarsInLog = 0;
		};
		8AD458E31203A2307B5C7810 /* [CP] Check Pods Manifest.lock */ = {
			isa = PBXShellScriptBuildPhase;
			buildActionMask = 2147483647;
			files = (
			);
			inputPaths = (
				"${PODS_PODFILE_DIR_PATH}/Podfile.lock",
				"${PODS_ROOT}/Manifest.lock",
			);
			name = "[CP] Check Pods Manifest.lock";
			outputPaths = (
				"$(DERIVED_FILE_DIR)/Pods-DogCare-checkManifestLockResult.txt",
			);
			runOnlyForDeploymentPostprocessing = 0;
			shellPath = /bin/sh;
			shellScript = "diff \"${PODS_PODFILE_DIR_PATH}/Podfile.lock\" \"${PODS_ROOT}/Manifest.lock\" > /dev/null\nif [ $? != 0 ] ; then\n    # print error to STDERR\n    echo \"error: The sandbox is not in sync with the Podfile.lock. Run 'pod install' or update your CocoaPods installation.\" >&2\n    exit 1\nfi\n# This output is used by Xcode 'outputs' to avoid re-running this script phase.\necho \"SUCCESS\" > \"${SCRIPT_OUTPUT_FILE_0}\"\n";
			showEnvVarsInLog = 0;
		};
		957C7EBB6CCEF24381A0B8A4 /* [CP] Copy Pods Resources */ = {
			isa = PBXShellScriptBuildPhase;
			buildActionMask = 2147483647;
			files = (
			);
			inputPaths = (
			);
			name = "[CP] Copy Pods Resources";
			outputPaths = (
			);
			runOnlyForDeploymentPostprocessing = 0;
			shellPath = /bin/sh;
			shellScript = "\"${SRCROOT}/Pods/Target Support Files/Pods-DogCare/Pods-DogCare-resources.sh\"\n";
			showEnvVarsInLog = 0;
		};
/* End PBXShellScriptBuildPhase section */

/* Begin PBXSourcesBuildPhase section */
		7A2D5EFA201864E20007DCDF /* Sources */ = {
			isa = PBXSourcesBuildPhase;
			buildActionMask = 2147483647;
			files = (
				7A31BCE42032ADF600EBB144 /* AboutUsViewController.swift in Sources */,
				7A2D5F14201864F90007DCDF /* MainDogViewController.swift in Sources */,
				7AA619F820351F22009348B0 /* CardClass.swift in Sources */,
				7A2D5F02201864E20007DCDF /* AppDelegate.swift in Sources */,
			);
			runOnlyForDeploymentPostprocessing = 0;
		};
/* End PBXSourcesBuildPhase section */

/* Begin PBXVariantGroup section */
		7A2D5F05201864E20007DCDF /* Main.storyboard */ = {
			isa = PBXVariantGroup;
			children = (
				7A2D5F06201864E20007DCDF /* Base */,
			);
			name = Main.storyboard;
			sourceTree = "<group>";
		};
		7A2D5F0A201864E20007DCDF /* LaunchScreen.storyboard */ = {
			isa = PBXVariantGroup;
			children = (
				7A2D5F0B201864E20007DCDF /* Base */,
			);
			name = LaunchScreen.storyboard;
			sourceTree = "<group>";
		};
/* End PBXVariantGroup section */

/* Begin XCBuildConfiguration section */
		7A2D5F0E201864E20007DCDF /* Debug */ = {
			isa = XCBuildConfiguration;
			buildSettings = {
				ALWAYS_SEARCH_USER_PATHS = NO;
				CLANG_ANALYZER_NONNULL = YES;
				CLANG_ANALYZER_NUMBER_OBJECT_CONVERSION = YES_AGGRESSIVE;
				CLANG_CXX_LANGUAGE_STANDARD = "gnu++14";
				CLANG_CXX_LIBRARY = "libc++";
				CLANG_ENABLE_MODULES = YES;
				CLANG_ENABLE_OBJC_ARC = YES;
				CLANG_WARN_BLOCK_CAPTURE_AUTORELEASING = YES;
				CLANG_WARN_BOOL_CONVERSION = YES;
				CLANG_WARN_COMMA = YES;
				CLANG_WARN_CONSTANT_CONVERSION = YES;
				CLANG_WARN_DIRECT_OBJC_ISA_USAGE = YES_ERROR;
				CLANG_WARN_DOCUMENTATION_COMMENTS = YES;
				CLANG_WARN_EMPTY_BODY = YES;
				CLANG_WARN_ENUM_CONVERSION = YES;
				CLANG_WARN_INFINITE_RECURSION = YES;
				CLANG_WARN_INT_CONVERSION = YES;
				CLANG_WARN_NON_LITERAL_NULL_CONVERSION = YES;
				CLANG_WARN_OBJC_LITERAL_CONVERSION = YES;
				CLANG_WARN_OBJC_ROOT_CLASS = YES_ERROR;
				CLANG_WARN_RANGE_LOOP_ANALYSIS = YES;
				CLANG_WARN_STRICT_PROTOTYPES = YES;
				CLANG_WARN_SUSPICIOUS_MOVE = YES;
				CLANG_WARN_UNGUARDED_AVAILABILITY = YES_AGGRESSIVE;
				CLANG_WARN_UNREACHABLE_CODE = YES;
				CLANG_WARN__DUPLICATE_METHOD_MATCH = YES;
				CODE_SIGN_IDENTITY = "iPhone Developer";
				COPY_PHASE_STRIP = NO;
				DEBUG_INFORMATION_FORMAT = dwarf;
				ENABLE_STRICT_OBJC_MSGSEND = YES;
				ENABLE_TESTABILITY = YES;
				GCC_C_LANGUAGE_STANDARD = gnu11;
				GCC_DYNAMIC_NO_PIC = NO;
				GCC_NO_COMMON_BLOCKS = YES;
				GCC_OPTIMIZATION_LEVEL = 0;
				GCC_PREPROCESSOR_DEFINITIONS = (
					"DEBUG=1",
					"$(inherited)",
				);
				GCC_WARN_64_TO_32_BIT_CONVERSION = YES;
				GCC_WARN_ABOUT_RETURN_TYPE = YES_ERROR;
				GCC_WARN_UNDECLARED_SELECTOR = YES;
				GCC_WARN_UNINITIALIZED_AUTOS = YES_AGGRESSIVE;
				GCC_WARN_UNUSED_FUNCTION = YES;
				GCC_WARN_UNUSED_VARIABLE = YES;
				IPHONEOS_DEPLOYMENT_TARGET = 11.2;
				MTL_ENABLE_DEBUG_INFO = YES;
				ONLY_ACTIVE_ARCH = YES;
				SDKROOT = iphoneos;
				SWIFT_ACTIVE_COMPILATION_CONDITIONS = DEBUG;
				SWIFT_OPTIMIZATION_LEVEL = "-Onone";
			};
			name = Debug;
		};
		7A2D5F0F201864E20007DCDF /* Release */ = {
			isa = XCBuildConfiguration;
			buildSettings = {
				ALWAYS_SEARCH_USER_PATHS = NO;
				CLANG_ANALYZER_NONNULL = YES;
				CLANG_ANALYZER_NUMBER_OBJECT_CONVERSION = YES_AGGRESSIVE;
				CLANG_CXX_LANGUAGE_STANDARD = "gnu++14";
				CLANG_CXX_LIBRARY = "libc++";
				CLANG_ENABLE_MODULES = YES;
				CLANG_ENABLE_OBJC_ARC = YES;
				CLANG_WARN_BLOCK_CAPTURE_AUTORELEASING = YES;
				CLANG_WARN_BOOL_CONVERSION = YES;
				CLANG_WARN_COMMA = YES;
				CLANG_WARN_CONSTANT_CONVERSION = YES;
				CLANG_WARN_DIRECT_OBJC_ISA_USAGE = YES_ERROR;
				CLANG_WARN_DOCUMENTATION_COMMENTS = YES;
				CLANG_WARN_EMPTY_BODY = YES;
				CLANG_WARN_ENUM_CONVERSION = YES;
				CLANG_WARN_INFINITE_RECURSION = YES;
				CLANG_WARN_INT_CONVERSION = YES;
				CLANG_WARN_NON_LITERAL_NULL_CONVERSION = YES;
				CLANG_WARN_OBJC_LITERAL_CONVERSION = YES;
				CLANG_WARN_OBJC_ROOT_CLASS = YES_ERROR;
				CLANG_WARN_RANGE_LOOP_ANALYSIS = YES;
				CLANG_WARN_STRICT_PROTOTYPES = YES;
				CLANG_WARN_SUSPICIOUS_MOVE = YES;
				CLANG_WARN_UNGUARDED_AVAILABILITY = YES_AGGRESSIVE;
				CLANG_WARN_UNREACHABLE_CODE = YES;
				CLANG_WARN__DUPLICATE_METHOD_MATCH = YES;
				CODE_SIGN_IDENTITY = "iPhone Developer";
				COPY_PHASE_STRIP = NO;
				DEBUG_INFORMATION_FORMAT = "dwarf-with-dsym";
				ENABLE_NS_ASSERTIONS = NO;
				ENABLE_STRICT_OBJC_MSGSEND = YES;
				GCC_C_LANGUAGE_STANDARD = gnu11;
				GCC_NO_COMMON_BLOCKS = YES;
				GCC_WARN_64_TO_32_BIT_CONVERSION = YES;
				GCC_WARN_ABOUT_RETURN_TYPE = YES_ERROR;
				GCC_WARN_UNDECLARED_SELECTOR = YES;
				GCC_WARN_UNINITIALIZED_AUTOS = YES_AGGRESSIVE;
				GCC_WARN_UNUSED_FUNCTION = YES;
				GCC_WARN_UNUSED_VARIABLE = YES;
				IPHONEOS_DEPLOYMENT_TARGET = 11.2;
				MTL_ENABLE_DEBUG_INFO = NO;
				SDKROOT = iphoneos;
				SWIFT_OPTIMIZATION_LEVEL = "-Owholemodule";
				VALIDATE_PRODUCT = YES;
			};
			name = Release;
		};
		7A2D5F11201864E20007DCDF /* Debug */ = {
			isa = XCBuildConfiguration;
			baseConfigurationReference = 6884EBDEE5AA9CC60BC18D55 /* Pods-DogCare.debug.xcconfig */;
			buildSettings = {
				ASSETCATALOG_COMPILER_APPICON_NAME = AppIcon;
				CODE_SIGN_STYLE = Automatic;
				DEVELOPMENT_TEAM = PE38J4AQB2;
				HEADER_SEARCH_PATHS = "";
				INFOPLIST_FILE = DogCare/Info.plist;
				LD_RUNPATH_SEARCH_PATHS = "$(inherited) @executable_path/Frameworks";
				PRODUCT_BUNDLE_IDENTIFIER = com.happykidshappypets.DogCare;
				PRODUCT_NAME = "$(TARGET_NAME)";
				SWIFT_VERSION = 4.0;
				TARGETED_DEVICE_FAMILY = "1,2";
			};
			name = Debug;
		};
		7A2D5F12201864E20007DCDF /* Release */ = {
			isa = XCBuildConfiguration;
			baseConfigurationReference = 4849DC622E9FEE7651BB770A /* Pods-DogCare.release.xcconfig */;
			buildSettings = {
				ASSETCATALOG_COMPILER_APPICON_NAME = AppIcon;
				CODE_SIGN_STYLE = Automatic;
				DEVELOPMENT_TEAM = PE38J4AQB2;
				HEADER_SEARCH_PATHS = "";
				INFOPLIST_FILE = DogCare/Info.plist;
				LD_RUNPATH_SEARCH_PATHS = "$(inherited) @executable_path/Frameworks";
				PRODUCT_BUNDLE_IDENTIFIER = com.happykidshappypets.DogCare;
				PRODUCT_NAME = "$(TARGET_NAME)";
				SWIFT_VERSION = 4.0;
				TARGETED_DEVICE_FAMILY = "1,2";
			};
			name = Release;
		};
/* End XCBuildConfiguration section */

/* Begin XCConfigurationList section */
		7A2D5EF9201864E20007DCDF /* Build configuration list for PBXProject "DogCare" */ = {
			isa = XCConfigurationList;
			buildConfigurations = (
				7A2D5F0E201864E20007DCDF /* Debug */,
				7A2D5F0F201864E20007DCDF /* Release */,
			);
			defaultConfigurationIsVisible = 0;
			defaultConfigurationName = Release;
		};
		7A2D5F10201864E20007DCDF /* Build configuration list for PBXNativeTarget "DogCare" */ = {
			isa = XCConfigurationList;
			buildConfigurations = (
				7A2D5F11201864E20007DCDF /* Debug */,
				7A2D5F12201864E20007DCDF /* Release */,
			);
			defaultConfigurationIsVisible = 0;
			defaultConfigurationName = Release;
		};
/* End XCConfigurationList section */
	};
	rootObject = 7A2D5EF6201864E20007DCDF /* Project object */;
}
